
Microsoft Visual Studio Solution File, Format Version 12.00
# Visual Studio Version 18
VisualStudioVersion = 18.1.11312.151 d18.0
MinimumVisualStudioVersion = 10.0.40219.1
Project("{FAE04EC0-301F-11D3-BF4B-00C04F79EFBC}") = "Fcg.Payments.Api", "Fcg.Payments.Api\Fcg.Payments.Api.csproj", "{9B11C1BA-8FC1-4CEA-B9B1-B663275F2DA3}"
EndProject
Project("{FAE04EC0-301F-11D3-BF4B-00C04F79EFBC}") = "Fcg.Payments.Functions", "Fcg.Payments.Functions\Fcg.Payments.Functions.csproj", "{72DCA55E-8DBF-1328-F224-7B9B755FCF27}"
EndProject
Global
	GlobalSection(SolutionConfigurationPlatforms) = preSolution
		Debug|Any CPU = Debug|Any CPU
		Debug|x64 = Debug|x64
		Debug|x86 = Debug|x86
		Release|Any CPU = Release|Any CPU
		Release|x64 = Release|x64
		Release|x86 = Release|x86
	EndGlobalSection
	GlobalSection(ProjectConfigurationPlatforms) = postSolution
		{9B11C1BA-8FC1-4CEA-B9B1-B663275F2DA3}.Debug|Any CPU.ActiveCfg = Debug|Any CPU
		{9B11C1BA-8FC1-4CEA-B9B1-B663275F2DA3}.Debug|Any CPU.Build.0 = Debug|Any CPU
		{9B11C1BA-8FC1-4CEA-B9B1-B663275F2DA3}.Debug|x64.ActiveCfg = Debug|Any CPU
		{9B11C1BA-8FC1-4CEA-B9B1-B663275F2DA3}.Debug|x64.Build.0 = Debug|Any CPU
		{9B11C1BA-8FC1-4CEA-B9B1-B663275F2DA3}.Debug|x86.ActiveCfg = Debug|Any CPU
		{9B11C1BA-8FC1-4CEA-B9B1-B663275F2DA3}.Debug|x86.Build.0 = Debug|Any CPU
		{9B11C1BA-8FC1-4CEA-B9B1-B663275F2DA3}.Release|Any CPU.ActiveCfg = Release|Any CPU
		{9B11C1BA-8FC1-4CEA-B9B1-B663275F2DA3}.Release|Any CPU.Build.0 = Release|Any CPU
		{9B11C1BA-8FC1-4CEA-B9B1-B663275F2DA3}.Release|x64.ActiveCfg = Release|Any CPU
		{9B11C1BA-8FC1-4CEA-B9B1-B663275F2DA3}.Release|x64.Build.0 = Release|Any CPU
		{9B11C1BA-8FC1-4CEA-B9B1-B663275F2DA3}.Release|x86.ActiveCfg = Release|Any CPU
		{9B11C1BA-8FC1-4CEA-B9B1-B663275F2DA3}.Release|x86.Build.0 = Release|Any CPU
		{72DCA55E-8DBF-1328-F224-7B9B755FCF27}.Debug|Any CPU.ActiveCfg = Debug|Any CPU
		{72DCA55E-8DBF-1328-F224-7B9B755FCF27}.Debug|Any CPU.Build.0 = Debug|Any CPU
		{72DCA55E-8DBF-1328-F224-7B9B755FCF27}.Debug|x64.ActiveCfg = Debug|Any CPU
		{72DCA55E-8DBF-1328-F224-7B9B755FCF27}.Debug|x64.Build.0 = Debug|Any CPU
		{72DCA55E-8DBF-1328-F224-7B9B755FCF27}.Debug|x86.ActiveCfg = Debug|Any CPU
		{72DCA55E-8DBF-1328-F224-7B9B755FCF27}.Debug|x86.Build.0 = Debug|Any CPU
		{72DCA55E-8DBF-1328-F224-7B9B755FCF27}.Release|Any CPU.ActiveCfg = Release|Any CPU
		{72DCA55E-8DBF-1328-F224-7B9B755FCF27}.Release|Any CPU.Build.0 = Release|Any CPU
		{72DCA55E-8DBF-1328-F224-7B9B755FCF27}.Release|x64.ActiveCfg = Release|Any CPU
		{72DCA55E-8DBF-1328-F224-7B9B755FCF27}.Release|x64.Build.0 = Release|Any CPU
		{72DCA55E-8DBF-1328-F224-7B9B755FCF27}.Release|x86.ActiveCfg = Release|Any CPU
		{72DCA55E-8DBF-1328-F224-7B9B755FCF27}.Release|x86.Build.0 = Release|Any CPU
	EndGlobalSection
	GlobalSection(SolutionProperties) = preSolution
		HideSolutionNode = FALSE
	EndGlobalSection
EndGlobal
